# This file is autogenerated, do not edit; changes may be undone by the next 'dep ensure'.


[[projects]]
  digest = "1:ea6fe05de9992fe39951c3f7e8a1db82c21fdcaa5ebbeb3eb0f12cc22e0a502a"
  name = "github.com/notnil/chess"
  packages = ["."]
  pruneopts = "UT"
  revision = "024f46ae46561af6979a874efaa2b686801d40dc"
  version = "v1.0.0"

[solve-meta]
  analyzer-name = "dep"
  analyzer-version = 1
  input-imports = ["github.com/notnil/chess"]
  solver-name = "gps-cdcl"
  solver-version = 1
